// !$*UTF8*$!
{
	archiveVersion = 1;
	classes = {
	};
	objectVersion = 51;
	objects = {

/* Begin PBXBuildFile section */
		0E01DF3923EAC39A008E9D5A /* AppDelegate.swift in Sources */ = {isa = PBXBuildFile; fileRef = 0E01DF3823EAC39A008E9D5A /* AppDelegate.swift */; };
		0E01DF3B23EAC39A008E9D5A /* SceneDelegate.swift in Sources */ = {isa = PBXBuildFile; fileRef = 0E01DF3A23EAC39A008E9D5A /* SceneDelegate.swift */; };
		0E01DF3D23EAC39A008E9D5A /* ContentView.swift in Sources */ = {isa = PBXBuildFile; fileRef = 0E01DF3C23EAC39A008E9D5A /* ContentView.swift */; };
		0E01DF3F23EAC3C3008E9D5A /* Assets.xcassets in Resources */ = {isa = PBXBuildFile; fileRef = 0E01DF3E23EAC3C3008E9D5A /* Assets.xcassets */; };
		0E01DF4223EAC3C3008E9D5A /* Preview Assets.xcassets in Resources */ = {isa = PBXBuildFile; fileRef = 0E01DF4123EAC3C3008E9D5A /* Preview Assets.xcassets */; };
		0E01DF4523EAC3C3008E9D5A /* LaunchScreen.storyboard in Resources */ = {isa = PBXBuildFile; fileRef = 0E01DF4323EAC3C3008E9D5A /* LaunchScreen.storyboard */; };
		0E01DF4D23EAD577008E9D5A /* AddItemView.swift in Sources */ = {isa = PBXBuildFile; fileRef = 0E01DF4C23EAD577008E9D5A /* AddItemView.swift */; };
		0E01DF4F23EAD81E008E9D5A /* ItemCellView.swift in Sources */ = {isa = PBXBuildFile; fileRef = 0E01DF4E23EAD81E008E9D5A /* ItemCellView.swift */; };
		0E4AFA4B23FA68BE00087DB6 /* Item.swift in Sources */ = {isa = PBXBuildFile; fileRef = 0E4AFA4A23FA68BE00087DB6 /* Item.swift */; };
		0E4AFA4E23FA68EF00087DB6 /* Service.swift in Sources */ = {isa = PBXBuildFile; fileRef = 0E4AFA4D23FA68EF00087DB6 /* Service.swift */; };
		0E4AFA5023FA7D8E00087DB6 /* ParentView.swift in Sources */ = {isa = PBXBuildFile; fileRef = 0E4AFA4F23FA7D8E00087DB6 /* ParentView.swift */; };
		0ED136D323FA8F6300D3379B /* ItemFetcher.swift in Sources */ = {isa = PBXBuildFile; fileRef = 0ED136D223FA8F6300D3379B /* ItemFetcher.swift */; };
		33FC6CC19756C43D0D245B4F /* Pods_ToDo_list_Swift_UI.framework in Frameworks */ = {isa = PBXBuildFile; fileRef = E4CD13DDFC682EC60ECABCBD /* Pods_ToDo_list_Swift_UI.framework */; };
		5064590D23F95849000FD3DD /* GoogleService-Info.plist in Resources */ = {isa = PBXBuildFile; fileRef = 5064590C23F95849000FD3DD /* GoogleService-Info.plist */; };
		8BF67DD92495C31400C03504 /* AddItemViewModel.swift in Sources */ = {isa = PBXBuildFile; fileRef = 8BF67DD82495C31400C03504 /* AddItemViewModel.swift */; };
		8BF67DDB2495DF5100C03504 /* RootAuthView.swift in Sources */ = {isa = PBXBuildFile; fileRef = 8BF67DDA2495DF5100C03504 /* RootAuthView.swift */; };
		8BF67DDD2495E0B600C03504 /* LoginView.swift in Sources */ = {isa = PBXBuildFile; fileRef = 8BF67DDC2495E0B600C03504 /* LoginView.swift */; };
		8BF67DE02496006E00C03504 /* AuthControlView.swift in Sources */ = {isa = PBXBuildFile; fileRef = 8BF67DDF2496006E00C03504 /* AuthControlView.swift */; };
		8BF67DE22496296100C03504 /* AuthService.swift in Sources */ = {isa = PBXBuildFile; fileRef = 8BF67DE12496296100C03504 /* AuthService.swift */; };
/* End PBXBuildFile section */

/* Begin PBXFileReference section */
		0E01DF3523EAC39A008E9D5A /* ToDo list Swift UI.app */ = {isa = PBXFileReference; explicitFileType = wrapper.application; includeInIndex = 0; path = "ToDo list Swift UI.app"; sourceTree = BUILT_PRODUCTS_DIR; };
		0E01DF3823EAC39A008E9D5A /* AppDelegate.swift */ = {isa = PBXFileReference; lastKnownFileType = sourcecode.swift; path = AppDelegate.swift; sourceTree = "<group>"; };
		0E01DF3A23EAC39A008E9D5A /* SceneDelegate.swift */ = {isa = PBXFileReference; lastKnownFileType = sourcecode.swift; path = SceneDelegate.swift; sourceTree = "<group>"; };
		0E01DF3C23EAC39A008E9D5A /* ContentView.swift */ = {isa = PBXFileReference; lastKnownFileType = sourcecode.swift; path = ContentView.swift; sourceTree = "<group>"; };
		0E01DF3E23EAC3C3008E9D5A /* Assets.xcassets */ = {isa = PBXFileReference; lastKnownFileType = folder.assetcatalog; path = Assets.xcassets; sourceTree = "<group>"; };
		0E01DF4123EAC3C3008E9D5A /* Preview Assets.xcassets */ = {isa = PBXFileReference; lastKnownFileType = folder.assetcatalog; path = "Preview Assets.xcassets"; sourceTree = "<group>"; };
		0E01DF4423EAC3C3008E9D5A /* Base */ = {isa = PBXFileReference; lastKnownFileType = file.storyboard; name = Base; path = Base.lproj/LaunchScreen.storyboard; sourceTree = "<group>"; };
		0E01DF4623EAC3C3008E9D5A /* Info.plist */ = {isa = PBXFileReference; lastKnownFileType = text.plist.xml; path = Info.plist; sourceTree = "<group>"; };
		0E01DF4C23EAD577008E9D5A /* AddItemView.swift */ = {isa = PBXFileReference; lastKnownFileType = sourcecode.swift; path = AddItemView.swift; sourceTree = "<group>"; };
		0E01DF4E23EAD81E008E9D5A /* ItemCellView.swift */ = {isa = PBXFileReference; lastKnownFileType = sourcecode.swift; path = ItemCellView.swift; sourceTree = "<group>"; };
		0E4AFA4A23FA68BE00087DB6 /* Item.swift */ = {isa = PBXFileReference; lastKnownFileType = sourcecode.swift; path = Item.swift; sourceTree = "<group>"; };
		0E4AFA4D23FA68EF00087DB6 /* Service.swift */ = {isa = PBXFileReference; fileEncoding = 4; lastKnownFileType = sourcecode.swift; path = Service.swift; sourceTree = "<group>"; };
		0E4AFA4F23FA7D8E00087DB6 /* ParentView.swift */ = {isa = PBXFileReference; lastKnownFileType = sourcecode.swift; name = ParentView.swift; path = Views/ParentView.swift; sourceTree = "<group>"; };
		0ED136D223FA8F6300D3379B /* ItemFetcher.swift */ = {isa = PBXFileReference; lastKnownFileType = sourcecode.swift; path = ItemFetcher.swift; sourceTree = "<group>"; };
		5064590C23F95849000FD3DD /* GoogleService-Info.plist */ = {isa = PBXFileReference; fileEncoding = 4; lastKnownFileType = text.plist.xml; path = "GoogleService-Info.plist"; sourceTree = "<group>"; };
		712225F056E450B2F63C9768 /* Pods-ToDo list Swift UI.release.xcconfig */ = {isa = PBXFileReference; includeInIndex = 1; lastKnownFileType = text.xcconfig; name = "Pods-ToDo list Swift UI.release.xcconfig"; path = "Target Support Files/Pods-ToDo list Swift UI/Pods-ToDo list Swift UI.release.xcconfig"; sourceTree = "<group>"; };
		8BF67DD82495C31400C03504 /* AddItemViewModel.swift */ = {isa = PBXFileReference; lastKnownFileType = sourcecode.swift; path = AddItemViewModel.swift; sourceTree = "<group>"; };
		8BF67DDA2495DF5100C03504 /* RootAuthView.swift */ = {isa = PBXFileReference; lastKnownFileType = sourcecode.swift; path = RootAuthView.swift; sourceTree = "<group>"; };
		8BF67DDC2495E0B600C03504 /* LoginView.swift */ = {isa = PBXFileReference; lastKnownFileType = sourcecode.swift; path = LoginView.swift; sourceTree = "<group>"; };
		8BF67DDF2496006E00C03504 /* AuthControlView.swift */ = {isa = PBXFileReference; lastKnownFileType = sourcecode.swift; path = AuthControlView.swift; sourceTree = "<group>"; };
		8BF67DE12496296100C03504 /* AuthService.swift */ = {isa = PBXFileReference; lastKnownFileType = sourcecode.swift; path = AuthService.swift; sourceTree = "<group>"; };
		E4CD13DDFC682EC60ECABCBD /* Pods_ToDo_list_Swift_UI.framework */ = {isa = PBXFileReference; explicitFileType = wrapper.framework; includeInIndex = 0; path = Pods_ToDo_list_Swift_UI.framework; sourceTree = BUILT_PRODUCTS_DIR; };
		F4402003EE9A73B2F7035CC5 /* Pods-ToDo list Swift UI.debug.xcconfig */ = {isa = PBXFileReference; includeInIndex = 1; lastKnownFileType = text.xcconfig; name = "Pods-ToDo list Swift UI.debug.xcconfig"; path = "Target Support Files/Pods-ToDo list Swift UI/Pods-ToDo list Swift UI.debug.xcconfig"; sourceTree = "<group>"; };
/* End PBXFileReference section */

/* Begin PBXFrameworksBuildPhase section */
		0E01DF3223EAC39A008E9D5A /* Frameworks */ = {
			isa = PBXFrameworksBuildPhase;
			buildActionMask = 2147483647;
			files = (
				33FC6CC19756C43D0D245B4F /* Pods_ToDo_list_Swift_UI.framework in Frameworks */,
			);
			runOnlyForDeploymentPostprocessing = 0;
		};
/* End PBXFrameworksBuildPhase section */

/* Begin PBXGroup section */
		0E01DF2C23EAC39A008E9D5A = {
			isa = PBXGroup;
			children = (
				0E01DF3723EAC39A008E9D5A /* ToDo list Swift UI */,
				0E01DF3623EAC39A008E9D5A /* Products */,
				5A1227F84AA5D80CD7E65ECC /* Pods */,
				97CB885FD071B821EF78D1FE /* Frameworks */,
			);
			sourceTree = "<group>";
		};
		0E01DF3623EAC39A008E9D5A /* Products */ = {
			isa = PBXGroup;
			children = (
				0E01DF3523EAC39A008E9D5A /* ToDo list Swift UI.app */,
			);
			name = Products;
			sourceTree = "<group>";
		};
		0E01DF3723EAC39A008E9D5A /* ToDo list Swift UI */ = {
			isa = PBXGroup;
			children = (
				8BF67DDA2495DF5100C03504 /* RootAuthView.swift */,
				8BF67DDF2496006E00C03504 /* AuthControlView.swift */,
				8BF67DDC2495E0B600C03504 /* LoginView.swift */,
				0E01DF4C23EAD577008E9D5A /* AddItemView.swift */,
				8BF67DD82495C31400C03504 /* AddItemViewModel.swift */,
				0E01DF3823EAC39A008E9D5A /* AppDelegate.swift */,
				0E01DF3A23EAC39A008E9D5A /* SceneDelegate.swift */,
				0E01DF3C23EAC39A008E9D5A /* ContentView.swift */,
				0E4AFA4F23FA7D8E00087DB6 /* ParentView.swift */,
				0E01DF4E23EAD81E008E9D5A /* ItemCellView.swift */,
				0E4AFA4C23FA68EF00087DB6 /* Service */,
				0E4AFA4923FA68A300087DB6 /* Models */,
				0E01DF3E23EAC3C3008E9D5A /* Assets.xcassets */,
				0E01DF4323EAC3C3008E9D5A /* LaunchScreen.storyboard */,
				5064590C23F95849000FD3DD /* GoogleService-Info.plist */,
				0E01DF4623EAC3C3008E9D5A /* Info.plist */,
				0E01DF4023EAC3C3008E9D5A /* Preview Content */,
			);
			path = "ToDo list Swift UI";
			sourceTree = "<group>";
		};
		0E01DF4023EAC3C3008E9D5A /* Preview Content */ = {
			isa = PBXGroup;
			children = (
				0E01DF4123EAC3C3008E9D5A /* Preview Assets.xcassets */,
			);
			path = "Preview Content";
			sourceTree = "<group>";
		};
		0E4AFA4923FA68A300087DB6 /* Models */ = {
			isa = PBXGroup;
			children = (
				0E4AFA4A23FA68BE00087DB6 /* Item.swift */,
			);
			path = Models;
			sourceTree = "<group>";
		};
		0E4AFA4C23FA68EF00087DB6 /* Service */ = {
			isa = PBXGroup;
			children = (
				8BF67DE12496296100C03504 /* AuthService.swift */,
				0E4AFA4D23FA68EF00087DB6 /* Service.swift */,
				0ED136D223FA8F6300D3379B /* ItemFetcher.swift */,
			);
			path = Service;
			sourceTree = "<group>";
		};
		5A1227F84AA5D80CD7E65ECC /* Pods */ = {
			isa = PBXGroup;
			children = (
				F4402003EE9A73B2F7035CC5 /* Pods-ToDo list Swift UI.debug.xcconfig */,
				712225F056E450B2F63C9768 /* Pods-ToDo list Swift UI.release.xcconfig */,
			);
			path = Pods;
			sourceTree = "<group>";
		};
		97CB885FD071B821EF78D1FE /* Frameworks */ = {
			isa = PBXGroup;
			children = (
				E4CD13DDFC682EC60ECABCBD /* Pods_ToDo_list_Swift_UI.framework */,
			);
			name = Frameworks;
			sourceTree = "<group>";
		};
/* End PBXGroup section */

/* Begin PBXNativeTarget section */
		0E01DF3423EAC39A008E9D5A /* ToDo list Swift UI */ = {
			isa = PBXNativeTarget;
			buildConfigurationList = 0E01DF4923EAC3C3008E9D5A /* Build configuration list for PBXNativeTarget "ToDo list Swift UI" */;
			buildPhases = (
				7F7633E3626FAB41B7A77694 /* [CP] Check Pods Manifest.lock */,
				0E01DF3123EAC39A008E9D5A /* Sources */,
				0E01DF3223EAC39A008E9D5A /* Frameworks */,
				0E01DF3323EAC39A008E9D5A /* Resources */,
				5498D71CD9CF49647897531B /* [CP] Embed Pods Frameworks */,
				81971FEDAE86228FE893288B /* [CP] Copy Pods Resources */,
			);
			buildRules = (
			);
			dependencies = (
			);
			name = "ToDo list Swift UI";
			productName = "ToDo list Swift UI";
			productReference = 0E01DF3523EAC39A008E9D5A /* ToDo list Swift UI.app */;
			productType = "com.apple.product-type.application";
		};
/* End PBXNativeTarget section */

/* Begin PBXProject section */
		0E01DF2D23EAC39A008E9D5A /* Project object */ = {
			isa = PBXProject;
			attributes = {
				LastSwiftUpdateCheck = 1110;
				LastUpgradeCheck = 1110;
				ORGANIZATIONNAME = "Nasir Ahmed Momin";
				TargetAttributes = {
					0E01DF3423EAC39A008E9D5A = {
						CreatedOnToolsVersion = 11.1;
					};
				};
			};
			buildConfigurationList = 0E01DF3023EAC39A008E9D5A /* Build configuration list for PBXProject "ToDo list Swift UI" */;
			compatibilityVersion = "Xcode 9.3";
			developmentRegion = en;
			hasScannedForEncodings = 0;
			knownRegions = (
				en,
				Base,
			);
			mainGroup = 0E01DF2C23EAC39A008E9D5A;
			productRefGroup = 0E01DF3623EAC39A008E9D5A /* Products */;
			projectDirPath = "";
			projectRoot = "";
			targets = (
				0E01DF3423EAC39A008E9D5A /* ToDo list Swift UI */,
			);
		};
/* End PBXProject section */

/* Begin PBXResourcesBuildPhase section */
		0E01DF3323EAC39A008E9D5A /* Resources */ = {
			isa = PBXResourcesBuildPhase;
			buildActionMask = 2147483647;
			files = (
				0E01DF4523EAC3C3008E9D5A /* LaunchScreen.storyboard in Resources */,
				5064590D23F95849000FD3DD /* GoogleService-Info.plist in Resources */,
				0E01DF4223EAC3C3008E9D5A /* Preview Assets.xcassets in Resources */,
				0E01DF3F23EAC3C3008E9D5A /* Assets.xcassets in Resources */,
			);
			runOnlyForDeploymentPostprocessing = 0;
		};
/* End PBXResourcesBuildPhase section */

/* Begin PBXShellScriptBuildPhase section */
		5498D71CD9CF49647897531B /* [CP] Embed Pods Frameworks */ = {
			isa = PBXShellScriptBuildPhase;
			buildActionMask = 2147483647;
			files = (
			);
			inputFileListPaths = (
				"${PODS_ROOT}/Target Support Files/Pods-ToDo list Swift UI/Pods-ToDo list Swift UI-frameworks-${CONFIGURATION}-input-files.xcfilelist",
			);
			name = "[CP] Embed Pods Frameworks";
			outputFileListPaths = (
				"${PODS_ROOT}/Target Support Files/Pods-ToDo list Swift UI/Pods-ToDo list Swift UI-frameworks-${CONFIGURATION}-output-files.xcfilelist",
			);
			runOnlyForDeploymentPostprocessing = 0;
			shellPath = /bin/sh;
			shellScript = "\"${PODS_ROOT}/Target Support Files/Pods-ToDo list Swift UI/Pods-ToDo list Swift UI-frameworks.sh\"\n";
			showEnvVarsInLog = 0;
		};
		7F7633E3626FAB41B7A77694 /* [CP] Check Pods Manifest.lock */ = {
			isa = PBXShellScriptBuildPhase;
			buildActionMask = 2147483647;
			files = (
			);
			inputFileListPaths = (
			);
			inputPaths = (
				"${PODS_PODFILE_DIR_PATH}/Podfile.lock",
				"${PODS_ROOT}/Manifest.lock",
			);
			name = "[CP] Check Pods Manifest.lock";
			outputFileListPaths = (
			);
			outputPaths = (
				"$(DERIVED_FILE_DIR)/Pods-ToDo list Swift UI-checkManifestLockResult.txt",
			);
			runOnlyForDeploymentPostprocessing = 0;
			shellPath = /bin/sh;
			shellScript = "diff \"${PODS_PODFILE_DIR_PATH}/Podfile.lock\" \"${PODS_ROOT}/Manifest.lock\" > /dev/null\nif [ $? != 0 ] ; then\n    # print error to STDERR\n    echo \"error: The sandbox is not in sync with the Podfile.lock. Run 'pod install' or update your CocoaPods installation.\" >&2\n    exit 1\nfi\n# This output is used by Xcode 'outputs' to avoid re-running this script phase.\necho \"SUCCESS\" > \"${SCRIPT_OUTPUT_FILE_0}\"\n";
			showEnvVarsInLog = 0;
		};
		81971FEDAE86228FE893288B /* [CP] Copy Pods Resources */ = {
			isa = PBXShellScriptBuildPhase;
			buildActionMask = 2147483647;
			files = (
			);
			inputFileListPaths = (
				"${PODS_ROOT}/Target Support Files/Pods-ToDo list Swift UI/Pods-ToDo list Swift UI-resources-${CONFIGURATION}-input-files.xcfilelist",
			);
			name = "[CP] Copy Pods Resources";
			outputFileListPaths = (
				"${PODS_ROOT}/Target Support Files/Pods-ToDo list Swift UI/Pods-ToDo list Swift UI-resources-${CONFIGURATION}-output-files.xcfilelist",
			);
			runOnlyForDeploymentPostprocessing = 0;
			shellPath = /bin/sh;
			shellScript = "\"${PODS_ROOT}/Target Support Files/Pods-ToDo list Swift UI/Pods-ToDo list Swift UI-resources.sh\"\n";
			showEnvVarsInLog = 0;
		};
/* End PBXShellScriptBuildPhase section */

/* Begin PBXSourcesBuildPhase section */
		0E01DF3123EAC39A008E9D5A /* Sources */ = {
			isa = PBXSourcesBuildPhase;
			buildActionMask = 2147483647;
			files = (
				0E4AFA5023FA7D8E00087DB6 /* ParentView.swift in Sources */,
				0E01DF3923EAC39A008E9D5A /* AppDelegate.swift in Sources */,
				0E4AFA4E23FA68EF00087DB6 /* Service.swift in Sources */,
				0E01DF4F23EAD81E008E9D5A /* ItemCellView.swift in Sources */,
				0E01DF3B23EAC39A008E9D5A /* SceneDelegate.swift in Sources */,
				8BF67DD92495C31400C03504 /* AddItemViewModel.swift in Sources */,
				8BF67DDD2495E0B600C03504 /* LoginView.swift in Sources */,
				8BF67DE02496006E00C03504 /* AuthControlView.swift in Sources */,
				0E01DF3D23EAC39A008E9D5A /* ContentView.swift in Sources */,
				0E01DF4D23EAD577008E9D5A /* AddItemView.swift in Sources */,
				0ED136D323FA8F6300D3379B /* ItemFetcher.swift in Sources */,
				0E4AFA4B23FA68BE00087DB6 /* Item.swift in Sources */,
				8BF67DDB2495DF5100C03504 /* RootAuthView.swift in Sources */,
				8BF67DE22496296100C03504 /* AuthService.swift in Sources */,
			);
			runOnlyForDeploymentPostprocessing = 0;
		};
/* End PBXSourcesBuildPhase section */

/* Begin PBXVariantGroup section */
		0E01DF4323EAC3C3008E9D5A /* LaunchScreen.storyboard */ = {
			isa = PBXVariantGroup;
			children = (
				0E01DF4423EAC3C3008E9D5A /* Base */,
			);
			name = LaunchScreen.storyboard;
			sourceTree = "<group>";
		};
/* End PBXVariantGroup section */

/* Begin XCBuildConfiguration section */
		0E01DF4723EAC3C3008E9D5A /* Debug */ = {
			isa = XCBuildConfiguration;
			buildSettings = {
				ALWAYS_SEARCH_USER_PATHS = NO;
				CLANG_ANALYZER_NONNULL = YES;
				CLANG_ANALYZER_NUMBER_OBJECT_CONVERSION = YES_AGGRESSIVE;
				CLANG_CXX_LANGUAGE_STANDARD = "gnu++14";
				CLANG_CXX_LIBRARY = "libc++";
				CLANG_ENABLE_MODULES = YES;
				CLANG_ENABLE_OBJC_ARC = YES;
				CLANG_ENABLE_OBJC_WEAK = YES;
				CLANG_WARN_BLOCK_CAPTURE_AUTORELEASING = YES;
				CLANG_WARN_BOOL_CONVERSION = YES;
				CLANG_WARN_COMMA = YES;
				CLANG_WARN_CONSTANT_CONVERSION = YES;
				CLANG_WARN_DEPRECATED_OBJC_IMPLEMENTATIONS = YES;
				CLANG_WARN_DIRECT_OBJC_ISA_USAGE = YES_ERROR;
				CLANG_WARN_DOCUMENTATION_COMMENTS = YES;
				CLANG_WARN_EMPTY_BODY = YES;
				CLANG_WARN_ENUM_CONVERSION = YES;
				CLANG_WARN_INFINITE_RECURSION = YES;
				CLANG_WARN_INT_CONVERSION = YES;
				CLANG_WARN_NON_LITERAL_NULL_CONVERSION = YES;
				CLANG_WARN_OBJC_IMPLICIT_RETAIN_SELF = YES;
				CLANG_WARN_OBJC_LITERAL_CONVERSION = YES;
				CLANG_WARN_OBJC_ROOT_CLASS = YES_ERROR;
				CLANG_WARN_RANGE_LOOP_ANALYSIS = YES;
				CLANG_WARN_STRICT_PROTOTYPES = YES;
				CLANG_WARN_SUSPICIOUS_MOVE = YES;
				CLANG_WARN_UNGUARDED_AVAILABILITY = YES_AGGRESSIVE;
				CLANG_WARN_UNREACHABLE_CODE = YES;
				CLANG_WARN__DUPLICATE_METHOD_MATCH = YES;
				COPY_PHASE_STRIP = NO;
				DEBUG_INFORMATION_FORMAT = dwarf;
				ENABLE_STRICT_OBJC_MSGSEND = YES;
				ENABLE_TESTABILITY = YES;
				GCC_C_LANGUAGE_STANDARD = gnu11;
				GCC_DYNAMIC_NO_PIC = NO;
				GCC_NO_COMMON_BLOCKS = YES;
				GCC_OPTIMIZATION_LEVEL = 0;
				GCC_PREPROCESSOR_DEFINITIONS = (
					"DEBUG=1",
					"$(inherited)",
				);
				GCC_WARN_64_TO_32_BIT_CONVERSION = YES;
				GCC_WARN_ABOUT_RETURN_TYPE = YES_ERROR;
				GCC_WARN_UNDECLARED_SELECTOR = YES;
				GCC_WARN_UNINITIALIZED_AUTOS = YES_AGGRESSIVE;
				GCC_WARN_UNUSED_FUNCTION = YES;
				GCC_WARN_UNUSED_VARIABLE = YES;
				IPHONEOS_DEPLOYMENT_TARGET = 13.1;
				MTL_ENABLE_DEBUG_INFO = INCLUDE_SOURCE;
				MTL_FAST_MATH = YES;
				ONLY_ACTIVE_ARCH = YES;
				SDKROOT = iphoneos;
				SWIFT_ACTIVE_COMPILATION_CONDITIONS = DEBUG;
				SWIFT_OPTIMIZATION_LEVEL = "-Onone";
			};
			name = Debug;
		};
		0E01DF4823EAC3C3008E9D5A /* Release */ = {
			isa = XCBuildConfiguration;
			buildSettings = {
				ALWAYS_SEARCH_USER_PATHS = NO;
				CLANG_ANALYZER_NONNULL = YES;
				CLANG_ANALYZER_NUMBER_OBJECT_CONVERSION = YES_AGGRESSIVE;
				CLANG_CXX_LANGUAGE_STANDARD = "gnu++14";
				CLANG_CXX_LIBRARY = "libc++";
				CLANG_ENABLE_MODULES = YES;
				CLANG_ENABLE_OBJC_ARC = YES;
				CLANG_ENABLE_OBJC_WEAK = YES;
				CLANG_WARN_BLOCK_CAPTURE_AUTORELEASING = YES;
				CLANG_WARN_BOOL_CONVERSION = YES;
				CLANG_WARN_COMMA = YES;
				CLANG_WARN_CONSTANT_CONVERSION = YES;
				CLANG_WARN_DEPRECATED_OBJC_IMPLEMENTATIONS = YES;
				CLANG_WARN_DIRECT_OBJC_ISA_USAGE = YES_ERROR;
				CLANG_WARN_DOCUMENTATION_COMMENTS = YES;
				CLANG_WARN_EMPTY_BODY = YES;
				CLANG_WARN_ENUM_CONVERSION = YES;
				CLANG_WARN_INFINITE_RECURSION = YES;
				CLANG_WARN_INT_CONVERSION = YES;
				CLANG_WARN_NON_LITERAL_NULL_CONVERSION = YES;
				CLANG_WARN_OBJC_IMPLICIT_RETAIN_SELF = YES;
				CLANG_WARN_OBJC_LITERAL_CONVERSION = YES;
				CLANG_WARN_OBJC_ROOT_CLASS = YES_ERROR;
				CLANG_WARN_RANGE_LOOP_ANALYSIS = YES;
				CLANG_WARN_STRICT_PROTOTYPES = YES;
				CLANG_WARN_SUSPICIOUS_MOVE = YES;
				CLANG_WARN_UNGUARDED_AVAILABILITY = YES_AGGRESSIVE;
				CLANG_WARN_UNREACHABLE_CODE = YES;
				CLANG_WARN__DUPLICATE_METHOD_MATCH = YES;
				COPY_PHASE_STRIP = NO;
				DEBUG_INFORMATION_FORMAT = "dwarf-with-dsym";
				ENABLE_NS_ASSERTIONS = NO;
				ENABLE_STRICT_OBJC_MSGSEND = YES;
				GCC_C_LANGUAGE_STANDARD = gnu11;
				GCC_NO_COMMON_BLOCKS = YES;
				GCC_WARN_64_TO_32_BIT_CONVERSION = YES;
				GCC_WARN_ABOUT_RETURN_TYPE = YES_ERROR;
				GCC_WARN_UNDECLARED_SELECTOR = YES;
				GCC_WARN_UNINITIALIZED_AUTOS = YES_AGGRESSIVE;
				GCC_WARN_UNUSED_FUNCTION = YES;
				GCC_WARN_UNUSED_VARIABLE = YES;
				IPHONEOS_DEPLOYMENT_TARGET = 13.1;
				MTL_ENABLE_DEBUG_INFO = NO;
				MTL_FAST_MATH = YES;
				SDKROOT = iphoneos;
				SWIFT_COMPILATION_MODE = wholemodule;
				SWIFT_OPTIMIZATION_LEVEL = "-O";
				VALIDATE_PRODUCT = YES;
			};
			name = Release;
		};
		0E01DF4A23EAC3C3008E9D5A /* Debug */ = {
			isa = XCBuildConfiguration;
			baseConfigurationReference = F4402003EE9A73B2F7035CC5 /* Pods-ToDo list Swift UI.debug.xcconfig */;
			buildSettings = {
				ASSETCATALOG_COMPILER_APPICON_NAME = AppIcon;
				CODE_SIGN_STYLE = Automatic;
				DEVELOPMENT_ASSET_PATHS = "\"ToDo list Swift UI/Preview Content\"";
				DEVELOPMENT_TEAM = 764C3754SG;
				ENABLE_PREVIEWS = YES;
				INFOPLIST_FILE = "ToDo list Swift UI/Info.plist";
				LD_RUNPATH_SEARCH_PATHS = (
					"$(inherited)",
					"@executable_path/Frameworks",
				);
				PRODUCT_BUNDLE_IDENTIFIER = "com.nasir.ToDo-list-Swift-UI";
				PRODUCT_NAME = "$(TARGET_NAME)";
				SWIFT_VERSION = 5.0;
				TARGETED_DEVICE_FAMILY = "1,2";
			};
			name = Debug;
		};
		0E01DF4B23EAC3C3008E9D5A /* Release */ = {
			isa = XCBuildConfiguration;
			baseConfigurationReference = 712225F056E450B2F63C9768 /* Pods-ToDo list Swift UI.release.xcconfig */;
			buildSettings = {
				ASSETCATALOG_COMPILER_APPICON_NAME = AppIcon;
				CODE_SIGN_STYLE = Automatic;
				DEVELOPMENT_ASSET_PATHS = "\"ToDo list Swift UI/Preview Content\"";
				DEVELOPMENT_TEAM = 764C3754SG;
				ENABLE_PREVIEWS = YES;
				INFOPLIST_FILE = "ToDo list Swift UI/Info.plist";
				LD_RUNPATH_SEARCH_PATHS = (
					"$(inherited)",
					"@executable_path/Frameworks",
				);
				PRODUCT_BUNDLE_IDENTIFIER = "com.nasir.ToDo-list-Swift-UI";
				PRODUCT_NAME = "$(TARGET_NAME)";
				SWIFT_VERSION = 5.0;
				TARGETED_DEVICE_FAMILY = "1,2";
			};
			name = Release;
		};
/* End XCBuildConfiguration section */

/* Begin XCConfigurationList section */
		0E01DF3023EAC39A008E9D5A /* Build configuration list for PBXProject "ToDo list Swift UI" */ = {
			isa = XCConfigurationList;
			buildConfigurations = (
				0E01DF4723EAC3C3008E9D5A /* Debug */,
				0E01DF4823EAC3C3008E9D5A /* Release */,
			);
			defaultConfigurationIsVisible = 0;
			defaultConfigurationName = Release;
		};
		0E01DF4923EAC3C3008E9D5A /* Build configuration list for PBXNativeTarget "ToDo list Swift UI" */ = {
			isa = XCConfigurationList;
			buildConfigurations = (
				0E01DF4A23EAC3C3008E9D5A /* Debug */,
				0E01DF4B23EAC3C3008E9D5A /* Release */,
			);
			defaultConfigurationIsVisible = 0;
			defaultConfigurationName = Release;
		};
/* End XCConfigurationList section */
	};
	rootObject = 0E01DF2D23EAC39A008E9D5A /* Project object */;
}
